
Microsoft Visual Studio Solution File, Format Version 12.00
# Visual Studio Version 16
VisualStudioVersion = 16.0.30503.244
MinimumVisualStudioVersion = 10.0.40219.1
Project("{FAE04EC0-301F-11D3-BF4B-00C04F79EFBC}") = "Ejercicio_2_2_1_1_1", "Ejercicio_2_2_1_1_1\Ejercicio_2_2_1_1_1.csproj", "{0CDEDFBB-D6EC-4ED3-AD92-D8A79CAF2DBE}"
EndProject
Global
	GlobalSection(SolutionConfigurationPlatforms) = preSolution
		Debug|Any CPU = Debug|Any CPU
		Release|Any CPU = Release|Any CPU
	EndGlobalSection
	GlobalSection(ProjectConfigurationPlatforms) = postSolution
		{0CDEDFBB-D6EC-4ED3-AD92-D8A79CAF2DBE}.Debug|Any CPU.ActiveCfg = Debug|Any CPU
		{0CDEDFBB-D6EC-4ED3-AD92-D8A79CAF2DBE}.Debug|Any CPU.Build.0 = Debug|Any CPU
		{0CDEDFBB-D6EC-4ED3-AD92-D8A79CAF2DBE}.Release|Any CPU.ActiveCfg = Release|Any CPU
		{0CDEDFBB-D6EC-4ED3-AD92-D8A79CAF2DBE}.Release|Any CPU.Build.0 = Release|Any CPU
	EndGlobalSection
	GlobalSection(SolutionProperties) = preSolution
		HideSolutionNode = FALSE
	EndGlobalSection
	GlobalSection(ExtensibilityGlobals) = postSolution
		SolutionGuid = {83BB6A26-35D9-4A04-8514-AEF99A64CFBA}
	EndGlobalSection
EndGlobal
