
Microsoft Visual Studio Solution File, Format Version 12.00
# Visual Studio Version 16
VisualStudioVersion = 16.0.30611.23
MinimumVisualStudioVersion = 10.0.40219.1
Project("{FAE04EC0-301F-11D3-BF4B-00C04F79EFBC}") = "ejercicio_3_2_3_2", "ejercicio_3_2_3_2\ejercicio_3_2_3_2.csproj", "{A7032152-191B-416F-AFAE-FD2019A5D040}"
EndProject
Global
	GlobalSection(SolutionConfigurationPlatforms) = preSolution
		Debug|Any CPU = Debug|Any CPU
		Release|Any CPU = Release|Any CPU
	EndGlobalSection
	GlobalSection(ProjectConfigurationPlatforms) = postSolution
		{A7032152-191B-416F-AFAE-FD2019A5D040}.Debug|Any CPU.ActiveCfg = Debug|Any CPU
		{A7032152-191B-416F-AFAE-FD2019A5D040}.Debug|Any CPU.Build.0 = Debug|Any CPU
		{A7032152-191B-416F-AFAE-FD2019A5D040}.Release|Any CPU.ActiveCfg = Release|Any CPU
		{A7032152-191B-416F-AFAE-FD2019A5D040}.Release|Any CPU.Build.0 = Release|Any CPU
	EndGlobalSection
	GlobalSection(SolutionProperties) = preSolution
		HideSolutionNode = FALSE
	EndGlobalSection
	GlobalSection(ExtensibilityGlobals) = postSolution
		SolutionGuid = {D431CB60-4245-4947-A0E1-AE1D18AA232F}
	EndGlobalSection
EndGlobal
