
Microsoft Visual Studio Solution File, Format Version 12.00
# Visual Studio Version 16
VisualStudioVersion = 16.0.30503.244
MinimumVisualStudioVersion = 10.0.40219.1
Project("{FAE04EC0-301F-11D3-BF4B-00C04F79EFBC}") = "ejercicio_4_1_3_8", "ejercicio_4_1_3_8\ejercicio_4_1_3_8.csproj", "{5F3F1ECA-6374-46B3-B50F-2CFD8134679B}"
EndProject
Global
	GlobalSection(SolutionConfigurationPlatforms) = preSolution
		Debug|Any CPU = Debug|Any CPU
		Release|Any CPU = Release|Any CPU
	EndGlobalSection
	GlobalSection(ProjectConfigurationPlatforms) = postSolution
		{5F3F1ECA-6374-46B3-B50F-2CFD8134679B}.Debug|Any CPU.ActiveCfg = Debug|Any CPU
		{5F3F1ECA-6374-46B3-B50F-2CFD8134679B}.Debug|Any CPU.Build.0 = Debug|Any CPU
		{5F3F1ECA-6374-46B3-B50F-2CFD8134679B}.Release|Any CPU.ActiveCfg = Release|Any CPU
		{5F3F1ECA-6374-46B3-B50F-2CFD8134679B}.Release|Any CPU.Build.0 = Release|Any CPU
	EndGlobalSection
	GlobalSection(SolutionProperties) = preSolution
		HideSolutionNode = FALSE
	EndGlobalSection
	GlobalSection(ExtensibilityGlobals) = postSolution
		SolutionGuid = {F5742B25-9C95-41C0-B05E-D5BEEC79A9A5}
	EndGlobalSection
EndGlobal
