
Microsoft Visual Studio Solution File, Format Version 12.00
# Visual Studio Version 16
VisualStudioVersion = 16.0.30503.244
MinimumVisualStudioVersion = 10.0.40219.1
Project("{FAE04EC0-301F-11D3-BF4B-00C04F79EFBC}") = "Ejercicio_1_4_1", "Ejercicio_1_4_1\Ejercicio_1_4_1.csproj", "{6BAAD0C2-95B3-4995-9079-C18ED5D3E4EF}"
EndProject
Global
	GlobalSection(SolutionConfigurationPlatforms) = preSolution
		Debug|Any CPU = Debug|Any CPU
		Release|Any CPU = Release|Any CPU
	EndGlobalSection
	GlobalSection(ProjectConfigurationPlatforms) = postSolution
		{6BAAD0C2-95B3-4995-9079-C18ED5D3E4EF}.Debug|Any CPU.ActiveCfg = Debug|Any CPU
		{6BAAD0C2-95B3-4995-9079-C18ED5D3E4EF}.Debug|Any CPU.Build.0 = Debug|Any CPU
		{6BAAD0C2-95B3-4995-9079-C18ED5D3E4EF}.Release|Any CPU.ActiveCfg = Release|Any CPU
		{6BAAD0C2-95B3-4995-9079-C18ED5D3E4EF}.Release|Any CPU.Build.0 = Release|Any CPU
	EndGlobalSection
	GlobalSection(SolutionProperties) = preSolution
		HideSolutionNode = FALSE
	EndGlobalSection
	GlobalSection(ExtensibilityGlobals) = postSolution
		SolutionGuid = {518C530A-6B78-4B99-B580-3396C7302071}
	EndGlobalSection
EndGlobal
