
Microsoft Visual Studio Solution File, Format Version 12.00
# Visual Studio Version 16
VisualStudioVersion = 16.0.30503.244
MinimumVisualStudioVersion = 10.0.40219.1
Project("{FAE04EC0-301F-11D3-BF4B-00C04F79EFBC}") = "ejercicio_4_1_3_2", "ejercicio_4_1_3_2\ejercicio_4_1_3_2.csproj", "{20740C5C-D326-4939-A602-E6AC96B5465B}"
EndProject
Global
	GlobalSection(SolutionConfigurationPlatforms) = preSolution
		Debug|Any CPU = Debug|Any CPU
		Release|Any CPU = Release|Any CPU
	EndGlobalSection
	GlobalSection(ProjectConfigurationPlatforms) = postSolution
		{20740C5C-D326-4939-A602-E6AC96B5465B}.Debug|Any CPU.ActiveCfg = Debug|Any CPU
		{20740C5C-D326-4939-A602-E6AC96B5465B}.Debug|Any CPU.Build.0 = Debug|Any CPU
		{20740C5C-D326-4939-A602-E6AC96B5465B}.Release|Any CPU.ActiveCfg = Release|Any CPU
		{20740C5C-D326-4939-A602-E6AC96B5465B}.Release|Any CPU.Build.0 = Release|Any CPU
	EndGlobalSection
	GlobalSection(SolutionProperties) = preSolution
		HideSolutionNode = FALSE
	EndGlobalSection
	GlobalSection(ExtensibilityGlobals) = postSolution
		SolutionGuid = {4D30BA20-4E42-4580-92C1-B515485AE482}
	EndGlobalSection
EndGlobal
